
Microsoft Visual Studio Solution File, Format Version 12.00
# Visual Studio 14
VisualStudioVersion = 14.0.24720.0
MinimumVisualStudioVersion = 10.0.40219.1
Project("{FAE04EC0-301F-11D3-BF4B-00C04F79EFBC}") = "Guestroom", "Guestroom\Guestroom.csproj", "{73E2971C-BADB-4DE6-B020-F7265440ED2E}"
EndProject
Project("{FAE04EC0-301F-11D3-BF4B-00C04F79EFBC}") = "Guestroom.Droid", "Droid\Guestroom.Droid.csproj", "{74264870-5EB4-4537-B892-1C5A60181B09}"
EndProject
Project("{FAE04EC0-301F-11D3-BF4B-00C04F79EFBC}") = "Guestroom.UITests", "UITests\Guestroom.UITests.csproj", "{CFB271D6-0D0D-436C-A0EB-7AF1EFEB90D0}"
EndProject
Global
	GlobalSection(SolutionConfigurationPlatforms) = preSolution
		Debug|Any CPU = Debug|Any CPU
		Release|Any CPU = Release|Any CPU
	EndGlobalSection
	GlobalSection(ProjectConfigurationPlatforms) = postSolution
		{73E2971C-BADB-4DE6-B020-F7265440ED2E}.Debug|Any CPU.ActiveCfg = Debug|Any CPU
		{73E2971C-BADB-4DE6-B020-F7265440ED2E}.Debug|Any CPU.Build.0 = Debug|Any CPU
		{73E2971C-BADB-4DE6-B020-F7265440ED2E}.Release|Any CPU.ActiveCfg = Release|Any CPU
		{73E2971C-BADB-4DE6-B020-F7265440ED2E}.Release|Any CPU.Build.0 = Release|Any CPU
		{74264870-5EB4-4537-B892-1C5A60181B09}.Debug|Any CPU.ActiveCfg = Debug|Any CPU
		{74264870-5EB4-4537-B892-1C5A60181B09}.Debug|Any CPU.Build.0 = Debug|Any CPU
		{74264870-5EB4-4537-B892-1C5A60181B09}.Debug|Any CPU.Deploy.0 = Debug|Any CPU
		{74264870-5EB4-4537-B892-1C5A60181B09}.Release|Any CPU.ActiveCfg = Release|Any CPU
		{74264870-5EB4-4537-B892-1C5A60181B09}.Release|Any CPU.Build.0 = Release|Any CPU
		{CFB271D6-0D0D-436C-A0EB-7AF1EFEB90D0}.Debug|Any CPU.ActiveCfg = Debug|Any CPU
		{CFB271D6-0D0D-436C-A0EB-7AF1EFEB90D0}.Debug|Any CPU.Build.0 = Debug|Any CPU
		{CFB271D6-0D0D-436C-A0EB-7AF1EFEB90D0}.Release|Any CPU.ActiveCfg = Release|Any CPU
		{CFB271D6-0D0D-436C-A0EB-7AF1EFEB90D0}.Release|Any CPU.Build.0 = Release|Any CPU
	EndGlobalSection
	GlobalSection(SolutionProperties) = preSolution
		HideSolutionNode = FALSE
	EndGlobalSection
EndGlobal
